// !$*UTF8*$!
{
	archiveVersion = 1;
	classes = {
	};
	objectVersion = 46;
	objects = {

/* Begin PBXBuildFile section */
		931BFD741BC48F22007C3D5A /* AppKit.framework in Frameworks */ = {isa = PBXBuildFile; fileRef = 931BFD731BC48F22007C3D5A /* AppKit.framework */; };
		931BFD761BC48F22007C3D5A /* Foundation.framework in Frameworks */ = {isa = PBXBuildFile; fileRef = 931BFD751BC48F22007C3D5A /* Foundation.framework */; };
		931BFD7A1BC48F22007C3D5A /* CleanHeaders.xcscheme in Resources */ = {isa = PBXBuildFile; fileRef = 931BFD791BC48F22007C3D5A /* CleanHeaders.xcscheme */; };
		931BFD7D1BC48F22007C3D5A /* CleanHeaders.m in Sources */ = {isa = PBXBuildFile; fileRef = 931BFD7C1BC48F22007C3D5A /* CleanHeaders.m */; };
		931BFD801BC48F22007C3D5A /* NSObject_Extension.m in Sources */ = {isa = PBXBuildFile; fileRef = 931BFD7F1BC48F22007C3D5A /* NSObject_Extension.m */; };
		9351B9151BC495E400421C88 /* CHTRVSXcode.m in Sources */ = {isa = PBXBuildFile; fileRef = 9351B9141BC495E400421C88 /* CHTRVSXcode.m */; };
/* End PBXBuildFile section */

/* Begin PBXFileReference section */
		931BFD701BC48F22007C3D5A /* CleanHeaders.xcplugin */ = {isa = PBXFileReference; explicitFileType = wrapper.cfbundle; includeInIndex = 0; path = CleanHeaders.xcplugin; sourceTree = BUILT_PRODUCTS_DIR; };
		931BFD731BC48F22007C3D5A /* AppKit.framework */ = {isa = PBXFileReference; lastKnownFileType = wrapper.framework; name = AppKit.framework; path = /System/Library/Frameworks/AppKit.framework; sourceTree = "<absolute>"; };
		931BFD751BC48F22007C3D5A /* Foundation.framework */ = {isa = PBXFileReference; lastKnownFileType = wrapper.framework; name = Foundation.framework; path = /System/Library/Frameworks/Foundation.framework; sourceTree = "<absolute>"; };
		931BFD791BC48F22007C3D5A /* CleanHeaders.xcscheme */ = {isa = PBXFileReference; lastKnownFileType = text.xml; name = CleanHeaders.xcscheme; path = CleanHeaders.xcodeproj/xcshareddata/xcschemes/CleanHeaders.xcscheme; sourceTree = SOURCE_ROOT; };
		931BFD7B1BC48F22007C3D5A /* CleanHeaders.h */ = {isa = PBXFileReference; lastKnownFileType = sourcecode.c.h; path = CleanHeaders.h; sourceTree = "<group>"; };
		931BFD7C1BC48F22007C3D5A /* CleanHeaders.m */ = {isa = PBXFileReference; lastKnownFileType = sourcecode.c.objc; path = CleanHeaders.m; sourceTree = "<group>"; };
		931BFD7E1BC48F22007C3D5A /* NSObject_Extension.h */ = {isa = PBXFileReference; lastKnownFileType = sourcecode.c.h; path = NSObject_Extension.h; sourceTree = "<group>"; };
		931BFD7F1BC48F22007C3D5A /* NSObject_Extension.m */ = {isa = PBXFileReference; lastKnownFileType = sourcecode.c.objc; path = NSObject_Extension.m; sourceTree = "<group>"; };
		931BFD811BC48F22007C3D5A /* Info.plist */ = {isa = PBXFileReference; lastKnownFileType = text.plist.xml; path = Info.plist; sourceTree = "<group>"; };
		9351B9131BC495E400421C88 /* CHTRVSXcode.h */ = {isa = PBXFileReference; fileEncoding = 4; lastKnownFileType = sourcecode.c.h; path = CHTRVSXcode.h; sourceTree = "<group>"; };
		9351B9141BC495E400421C88 /* CHTRVSXcode.m */ = {isa = PBXFileReference; fileEncoding = 4; lastKnownFileType = sourcecode.c.objc; path = CHTRVSXcode.m; sourceTree = "<group>"; };
/* End PBXFileReference section */

/* Begin PBXFrameworksBuildPhase section */
		931BFD6E1BC48F22007C3D5A /* Frameworks */ = {
			isa = PBXFrameworksBuildPhase;
			buildActionMask = 2147483647;
			files = (
				931BFD741BC48F22007C3D5A /* AppKit.framework in Frameworks */,
				931BFD761BC48F22007C3D5A /* Foundation.framework in Frameworks */,
			);
			runOnlyForDeploymentPostprocessing = 0;
		};
/* End PBXFrameworksBuildPhase section */

/* Begin PBXGroup section */
		931BFD671BC48F22007C3D5A = {
			isa = PBXGroup;
			children = (
				931BFD771BC48F22007C3D5A /* CleanHeaders */,
				931BFD721BC48F22007C3D5A /* Frameworks */,
				931BFD711BC48F22007C3D5A /* Products */,
			);
			sourceTree = "<group>";
		};
		931BFD711BC48F22007C3D5A /* Products */ = {
			isa = PBXGroup;
			children = (
				931BFD701BC48F22007C3D5A /* CleanHeaders.xcplugin */,
			);
			name = Products;
			sourceTree = "<group>";
		};
		931BFD721BC48F22007C3D5A /* Frameworks */ = {
			isa = PBXGroup;
			children = (
				931BFD731BC48F22007C3D5A /* AppKit.framework */,
				931BFD751BC48F22007C3D5A /* Foundation.framework */,
			);
			name = Frameworks;
			sourceTree = "<group>";
		};
		931BFD771BC48F22007C3D5A /* CleanHeaders */ = {
			isa = PBXGroup;
			children = (
				931BFD871BC48F83007C3D5A /* Helpers */,
				931BFD7B1BC48F22007C3D5A /* CleanHeaders.h */,
				931BFD7C1BC48F22007C3D5A /* CleanHeaders.m */,
				931BFD7E1BC48F22007C3D5A /* NSObject_Extension.h */,
				931BFD7F1BC48F22007C3D5A /* NSObject_Extension.m */,
				931BFD811BC48F22007C3D5A /* Info.plist */,
				931BFD781BC48F22007C3D5A /* Supporting Files */,
			);
			path = CleanHeaders;
			sourceTree = "<group>";
		};
		931BFD781BC48F22007C3D5A /* Supporting Files */ = {
			isa = PBXGroup;
			children = (
				931BFD791BC48F22007C3D5A /* CleanHeaders.xcscheme */,
			);
			name = "Supporting Files";
			sourceTree = "<group>";
		};
		931BFD871BC48F83007C3D5A /* Helpers */ = {
			isa = PBXGroup;
			children = (
				9351B9131BC495E400421C88 /* CHTRVSXcode.h */,
				9351B9141BC495E400421C88 /* CHTRVSXcode.m */,
			);
			path = Helpers;
			sourceTree = "<group>";
		};
/* End PBXGroup section */

/* Begin PBXNativeTarget section */
		931BFD6F1BC48F22007C3D5A /* CleanHeaders */ = {
			isa = PBXNativeTarget;
			buildConfigurationList = 931BFD841BC48F22007C3D5A /* Build configuration list for PBXNativeTarget "CleanHeaders" */;
			buildPhases = (
				931BFD6C1BC48F22007C3D5A /* Sources */,
				931BFD6D1BC48F22007C3D5A /* Resources */,
				931BFD6E1BC48F22007C3D5A /* Frameworks */,
			);
			buildRules = (
			);
			dependencies = (
			);
			name = CleanHeaders;
			productName = CleanHeaders;
			productReference = 931BFD701BC48F22007C3D5A /* CleanHeaders.xcplugin */;
			productType = "com.apple.product-type.bundle";
		};
/* End PBXNativeTarget section */

/* Begin PBXProject section */
		931BFD681BC48F22007C3D5A /* Project object */ = {
			isa = PBXProject;
			attributes = {
				LastUpgradeCheck = 0700;
				ORGANIZATIONNAME = "Karthikeya Udupa K M";
				TargetAttributes = {
					931BFD6F1BC48F22007C3D5A = {
						CreatedOnToolsVersion = 7.0.1;
					};
				};
			};
			buildConfigurationList = 931BFD6B1BC48F22007C3D5A /* Build configuration list for PBXProject "CleanHeaders" */;
			compatibilityVersion = "Xcode 3.2";
			developmentRegion = English;
			hasScannedForEncodings = 0;
			knownRegions = (
				en,
			);
			mainGroup = 931BFD671BC48F22007C3D5A;
			productRefGroup = 931BFD711BC48F22007C3D5A /* Products */;
			projectDirPath = "";
			projectRoot = "";
			targets = (
				931BFD6F1BC48F22007C3D5A /* CleanHeaders */,
			);
		};
/* End PBXProject section */

/* Begin PBXResourcesBuildPhase section */
		931BFD6D1BC48F22007C3D5A /* Resources */ = {
			isa = PBXResourcesBuildPhase;
			buildActionMask = 2147483647;
			files = (
				931BFD7A1BC48F22007C3D5A /* CleanHeaders.xcscheme in Resources */,
			);
			runOnlyForDeploymentPostprocessing = 0;
		};
/* End PBXResourcesBuildPhase section */

/* Begin PBXSourcesBuildPhase section */
		931BFD6C1BC48F22007C3D5A /* Sources */ = {
			isa = PBXSourcesBuildPhase;
			buildActionMask = 2147483647;
			files = (
				9351B9151BC495E400421C88 /* CHTRVSXcode.m in Sources */,
				931BFD7D1BC48F22007C3D5A /* CleanHeaders.m in Sources */,
				931BFD801BC48F22007C3D5A /* NSObject_Extension.m in Sources */,
			);
			runOnlyForDeploymentPostprocessing = 0;
		};
/* End PBXSourcesBuildPhase section */

/* Begin XCBuildConfiguration section */
		931BFD821BC48F22007C3D5A /* Debug */ = {
			isa = XCBuildConfiguration;
			buildSettings = {
				ALWAYS_SEARCH_USER_PATHS = NO;
				CLANG_CXX_LANGUAGE_STANDARD = "gnu++0x";
				CLANG_CXX_LIBRARY = "libc++";
				CLANG_ENABLE_MODULES = YES;
				CLANG_ENABLE_OBJC_ARC = YES;
				CLANG_WARN_BOOL_CONVERSION = YES;
				CLANG_WARN_CONSTANT_CONVERSION = YES;
				CLANG_WARN_DIRECT_OBJC_ISA_USAGE = YES_ERROR;
				CLANG_WARN_EMPTY_BODY = YES;
				CLANG_WARN_ENUM_CONVERSION = YES;
				CLANG_WARN_INT_CONVERSION = YES;
				CLANG_WARN_OBJC_ROOT_CLASS = YES_ERROR;
				CLANG_WARN_UNREACHABLE_CODE = YES;
				CLANG_WARN__DUPLICATE_METHOD_MATCH = YES;
				COPY_PHASE_STRIP = NO;
				DEBUG_INFORMATION_FORMAT = dwarf;
				ENABLE_STRICT_OBJC_MSGSEND = YES;
				ENABLE_TESTABILITY = YES;
				GCC_C_LANGUAGE_STANDARD = gnu99;
				GCC_DYNAMIC_NO_PIC = NO;
				GCC_NO_COMMON_BLOCKS = YES;
				GCC_OPTIMIZATION_LEVEL = 0;
				GCC_PREPROCESSOR_DEFINITIONS = (
					"DEBUG=1",
					"$(inherited)",
				);
				GCC_WARN_64_TO_32_BIT_CONVERSION = YES;
				GCC_WARN_ABOUT_RETURN_TYPE = YES_ERROR;
				GCC_WARN_UNDECLARED_SELECTOR = YES;
				GCC_WARN_UNINITIALIZED_AUTOS = YES_AGGRESSIVE;
				GCC_WARN_UNUSED_FUNCTION = YES;
				GCC_WARN_UNUSED_VARIABLE = YES;
				MTL_ENABLE_DEBUG_INFO = YES;
				ONLY_ACTIVE_ARCH = YES;
			};
			name = Debug;
		};
		931BFD831BC48F22007C3D5A /* Release */ = {
			isa = XCBuildConfiguration;
			buildSettings = {
				ALWAYS_SEARCH_USER_PATHS = NO;
				CLANG_CXX_LANGUAGE_STANDARD = "gnu++0x";
				CLANG_CXX_LIBRARY = "libc++";
				CLANG_ENABLE_MODULES = YES;
				CLANG_ENABLE_OBJC_ARC = YES;
				CLANG_WARN_BOOL_CONVERSION = YES;
				CLANG_WARN_CONSTANT_CONVERSION = YES;
				CLANG_WARN_DIRECT_OBJC_ISA_USAGE = YES_ERROR;
				CLANG_WARN_EMPTY_BODY = YES;
				CLANG_WARN_ENUM_CONVERSION = YES;
				CLANG_WARN_INT_CONVERSION = YES;
				CLANG_WARN_OBJC_ROOT_CLASS = YES_ERROR;
				CLANG_WARN_UNREACHABLE_CODE = YES;
				CLANG_WARN__DUPLICATE_METHOD_MATCH = YES;
				COPY_PHASE_STRIP = NO;
				DEBUG_INFORMATION_FORMAT = "dwarf-with-dsym";
				ENABLE_NS_ASSERTIONS = NO;
				ENABLE_STRICT_OBJC_MSGSEND = YES;
				GCC_C_LANGUAGE_STANDARD = gnu99;
				GCC_NO_COMMON_BLOCKS = YES;
				GCC_WARN_64_TO_32_BIT_CONVERSION = YES;
				GCC_WARN_ABOUT_RETURN_TYPE = YES_ERROR;
				GCC_WARN_UNDECLARED_SELECTOR = YES;
				GCC_WARN_UNINITIALIZED_AUTOS = YES_AGGRESSIVE;
				GCC_WARN_UNUSED_FUNCTION = YES;
				GCC_WARN_UNUSED_VARIABLE = YES;
				MTL_ENABLE_DEBUG_INFO = NO;
			};
			name = Release;
		};
		931BFD851BC48F22007C3D5A /* Debug */ = {
			isa = XCBuildConfiguration;
			buildSettings = {
				COMBINE_HIDPI_IMAGES = YES;
				DEPLOYMENT_LOCATION = YES;
				DSTROOT = "$(HOME)";
				INFOPLIST_FILE = CleanHeaders/Info.plist;
				INSTALL_PATH = "/Library/Application Support/Developer/Shared/Xcode/Plug-ins";
				MACOSX_DEPLOYMENT_TARGET = 10.11;
				PRODUCT_BUNDLE_IDENTIFIER = com.karthik.CleanHeaders;
				PRODUCT_NAME = "$(TARGET_NAME)";
				WRAPPER_EXTENSION = xcplugin;
			};
			name = Debug;
		};
		931BFD861BC48F22007C3D5A /* Release */ = {
			isa = XCBuildConfiguration;
			buildSettings = {
				COMBINE_HIDPI_IMAGES = YES;
				DEPLOYMENT_LOCATION = YES;
				DSTROOT = "$(HOME)";
				INFOPLIST_FILE = CleanHeaders/Info.plist;
				INSTALL_PATH = "/Library/Application Support/Developer/Shared/Xcode/Plug-ins";
				MACOSX_DEPLOYMENT_TARGET = 10.11;
				PRODUCT_BUNDLE_IDENTIFIER = com.karthik.CleanHeaders;
				PRODUCT_NAME = "$(TARGET_NAME)";
				WRAPPER_EXTENSION = xcplugin;
			};
			name = Release;
		};
/* End XCBuildConfiguration section */

/* Begin XCConfigurationList section */
		931BFD6B1BC48F22007C3D5A /* Build configuration list for PBXProject "CleanHeaders" */ = {
			isa = XCConfigurationList;
			buildConfigurations = (
				931BFD821BC48F22007C3D5A /* Debug */,
				931BFD831BC48F22007C3D5A /* Release */,
			);
			defaultConfigurationIsVisible = 0;
			defaultConfigurationName = Release;
		};
		931BFD841BC48F22007C3D5A /* Build configuration list for PBXNativeTarget "CleanHeaders" */ = {
			isa = XCConfigurationList;
			buildConfigurations = (
				931BFD851BC48F22007C3D5A /* Debug */,
				931BFD861BC48F22007C3D5A /* Release */,
			);
			defaultConfigurationIsVisible = 0;
			defaultConfigurationName = Release;
		};
/* End XCConfigurationList section */
	};
	rootObject = 931BFD681BC48F22007C3D5A /* Project object */;
}
